<?xml version="1.0" encoding="utf-8"?>
<Project xmlns="http://schemas.microsoft.com/developer/msbuild/2003" ToolsVersion="4.0">
  <ItemGroup>
    <Filter Include="Header Files">
      <UniqueIdentifier>{4D1BFFCC-9CEB-4ABF-A951-582870FE71FD}</UniqueIdentifier>
      <Extensions>h;hpp;hxx;hm;inl;inc;xsd</Extensions>
    </Filter>
    <Filter Include="Header Files\TouchGFX">
      <UniqueIdentifier>{29C60541-803D-4F43-8683-028D9DA5E0CB}</UniqueIdentifier>
    </Filter>
    <Filter Include="Header Files\TouchGFX\common">
      <UniqueIdentifier>{AF2BF67C-89EC-4545-B0D2-5BD6803628D4}</UniqueIdentifier>
    </Filter>
    <Filter Include="Header Files\TouchGFX\mvp">
      <UniqueIdentifier>{A8F51E02-A400-49F1-AC86-371872A7E5E6}</UniqueIdentifier>
    </Filter>
    <Filter Include="Header Files\TouchGFX\platform">
      <UniqueIdentifier>{493CF637-721C-4516-8638-3EE4790FB455}</UniqueIdentifier>
    </Filter>
    <Filter Include="Header Files\TouchGFX\touchgfx">
      <UniqueIdentifier>{7187028B-6482-4EB3-8556-EECD38E0636B}</UniqueIdentifier>
    </Filter>
    <Filter Include="Header Files\TouchGFX\platform\driver">
      <UniqueIdentifier>{D2E6B448-6B79-434F-A8EB-C8F8415957E9}</UniqueIdentifier>
    </Filter>
    <Filter Include="Header Files\TouchGFX\platform\hal">
      <UniqueIdentifier>{07737357-9365-4A8F-B2F6-908B5FC4E808}</UniqueIdentifier>
    </Filter>
    <Filter Include="Header Files\TouchGFX\touchgfx\canvas_widget_renderer">
      <UniqueIdentifier>{085B248B-6BE1-4BF8-9913-35526BAEE4C7}</UniqueIdentifier>
    </Filter>
    <Filter Include="Header Files\TouchGFX\touchgfx\containers">
      <UniqueIdentifier>{E08C6B18-2F0E-4861-87D5-80FB0411017E}</UniqueIdentifier>
    </Filter>
    <Filter Include="Header Files\TouchGFX\touchgfx\events">
      <UniqueIdentifier>{29D72404-E5CB-472C-B00F-3784DF3CCD1E}</UniqueIdentifier>
    </Filter>
    <Filter Include="Header Files\TouchGFX\touchgfx\hal">
      <UniqueIdentifier>{09561B72-532B-45EB-8E32-CAA31C349F83}</UniqueIdentifier>
    </Filter>
    <Filter Include="Header Files\TouchGFX\touchgfx\lcd">
      <UniqueIdentifier>{A89B6308-CBC1-48EC-BF14-B3C6106FACCE}</UniqueIdentifier>
    </Filter>
    <Filter Include="Header Files\TouchGFX\touchgfx\mixins">
      <UniqueIdentifier>{DB82A963-BE52-4494-BD5E-358C5E79C081}</UniqueIdentifier>
    </Filter>
    <Filter Include="Header Files\TouchGFX\touchgfx\transforms">
      <UniqueIdentifier>{509E01BB-FBF4-4198-B748-936C1B67839A}</UniqueIdentifier>
    </Filter>
    <Filter Include="Header Files\TouchGFX\touchgfx\transitions">
      <UniqueIdentifier>{3F023E56-225A-4D4C-9D20-74447A23BAD9}</UniqueIdentifier>
    </Filter>
    <Filter Include="Header Files\TouchGFX\touchgfx\widgets">
      <UniqueIdentifier>{0E9A8FD3-B71B-46B9-B1F6-3A18292FFAC4}</UniqueIdentifier>
    </Filter>
    <Filter Include="Header Files\TouchGFX\platform\driver\lcd">
      <UniqueIdentifier>{9B32A742-EBA9-4EBA-832E-0421D7E68BC5}</UniqueIdentifier>
    </Filter>
    <Filter Include="Header Files\TouchGFX\platform\driver\touch">
      <UniqueIdentifier>{8C31441B-2191-4B32-869D-7B253AECB28F}</UniqueIdentifier>
    </Filter>
    <Filter Include="Header Files\TouchGFX\platform\hal\simulator">
      <UniqueIdentifier>{464CC9FB-AFF6-4FFA-B4D8-BCAC4B2B8898}</UniqueIdentifier>
    </Filter>
    <Filter Include="Header Files\TouchGFX\touchgfx\containers\clock">
      <UniqueIdentifier>{B7237C13-DD69-4F78-8446-9A554431E3F8}</UniqueIdentifier>
    </Filter>
    <Filter Include="Header Files\TouchGFX\touchgfx\containers\progress_indicators">
      <UniqueIdentifier>{5E0E884F-0059-4306-94BA-3197219750E3}</UniqueIdentifier>
    </Filter>
    <Filter Include="Header Files\TouchGFX\touchgfx\widgets\canvas">
      <UniqueIdentifier>{DBFF640A-BD63-40BC-A0A5-2468BC461037}</UniqueIdentifier>
    </Filter>
    <Filter Include="Header Files\TouchGFX\platform\hal\simulator\sdl2">
      <UniqueIdentifier>{EA3962C0-553C-4CFD-A89B-A116A9493818}</UniqueIdentifier>
    </Filter>
    <Filter Include="Header Files\generated">
      <UniqueIdentifier>{29C60541-803D-4F44-8783-028D9DA5E0CC}</UniqueIdentifier>
    </Filter>
    <Filter Include="Header Files\generated\simulator">
      <UniqueIdentifier>{29C60541-803D-4F43-8683-028D9DA5E0CC}</UniqueIdentifier>
    </Filter>
    <Filter Include="Resource Files">
      <UniqueIdentifier>{92BBFF14-FBDB-4755-BA47-A830D863D92B}</UniqueIdentifier>
      <Extensions>rc;ico;cur;bmp;dlg;rc2;rct;bin;rgs;gif;jpg;jpeg;jpe;resx;tiff;tif;ttf;otf;bdf;png;wav;xlsx;props;mfcribbon-ms</Extensions>
    </Filter>
    <Filter Include="Resource Files\assets">
      <UniqueIdentifier>{AF899B0F-78BE-47F9-A912-E92CB9156E40}</UniqueIdentifier>
    </Filter>
    <Filter Include="Resource Files\config">
      <UniqueIdentifier>{29E8A9F8-6504-4625-AB47-671A3F665E51}</UniqueIdentifier>
    </Filter>
    <Filter Include="Resource Files\assets\texts">
      <UniqueIdentifier>{382278FD-2B19-4E89-AE4F-24AF77E7A270}</UniqueIdentifier>
    </Filter>
    <Filter Include="Resource Files\config\msvs">
      <UniqueIdentifier>{C24EAEDB-9A3F-43DC-87FB-C7AC2729A078}</UniqueIdentifier>
    </Filter>
    <Filter Include="Source Files">
      <UniqueIdentifier>{2F3FC0AA-97C4-4366-9939-94A0FF4E028C}</UniqueIdentifier>
      <Extensions>cpp;c;cc;cxx;def;odl;idl;hpj;bat;asm;asmx</Extensions>
    </Filter>
    <Filter Include="Source Files\TouchGFX">
      <UniqueIdentifier>{C07B02A9-A55E-47AA-AD61-59A6AAD754E6}</UniqueIdentifier>
    </Filter>
    <Filter Include="Source Files\TouchGFX\platform">
      <UniqueIdentifier>{33EDC2DB-AF72-480C-92E5-2A2833BCAB6F}</UniqueIdentifier>
    </Filter>
    <Filter Include="Source Files\TouchGFX\platform\driver">
      <UniqueIdentifier>{1D8EFD90-430A-4539-9080-16A38861D20A}</UniqueIdentifier>
    </Filter>
    <Filter Include="Source Files\TouchGFX\platform\hal">
      <UniqueIdentifier>{E8DECBF2-0C8E-4397-8603-3101D6F922D6}</UniqueIdentifier>
    </Filter>
    <Filter Include="Source Files\TouchGFX\platform\driver\touch">
      <UniqueIdentifier>{40F0D55D-79D9-488A-AF83-ADC96179EADF}</UniqueIdentifier>
    </Filter>
    <Filter Include="Source Files\TouchGFX\platform\hal\simulator">
      <UniqueIdentifier>{3FB50DD5-31DA-4042-B7FD-2151C58CDA80}</UniqueIdentifier>
    </Filter>
    <Filter Include="Source Files\TouchGFX\platform\hal\simulator\sdl2">
      <UniqueIdentifier>{B48CB42B-0F9E-4815-BFE1-1ACC1150ED8A}</UniqueIdentifier>
    </Filter>
    <Filter Include="Source Files\simulator">
      <UniqueIdentifier>{C07B03A9-A55E-47AA-AD61-59A6AAD754E6}</UniqueIdentifier>
    </Filter>
    <Filter Include="Source Files\generated">
      <UniqueIdentifier>{C07B02B9-A55E-47AB-AD61-59A6AAD754E6}</UniqueIdentifier>
    </Filter>
    <Filter Include="Source Files\generated\simulator">
      <UniqueIdentifier>{C07B02B9-A55E-47AA-AD61-59A6AAD754E6}</UniqueIdentifier>
    </Filter>
    <Filter Include="Source Files\gui">
      <UniqueIdentifier>0336BBF2-9BCC-FE1D-57B6-C15A46051C36</UniqueIdentifier>
    </Filter>
    <Filter Include="Header Files\gui">
      <UniqueIdentifier>79272EB3-320B-3E0D-34FA-060D75FF39D0</UniqueIdentifier>
    </Filter>
    <Filter Include="Header Files\gui\common">
      <UniqueIdentifier>03ABEF9F-38C4-8FE1-347C-74C1AEFE82D3</UniqueIdentifier>
    </Filter>
    <Filter Include="Source Files\generated\gui_generated">
      <UniqueIdentifier>BA795609-2546-D9C7-933B-51D31562C817</UniqueIdentifier>
    </Filter>
    <Filter Include="Header Files\gui\model">
      <UniqueIdentifier>1BC72665-73ED-3BDF-E3A6-29A6B2BA5EE4</UniqueIdentifier>
    </Filter>
    <Filter Include="Header Files\generated\gui_generated">
      <UniqueIdentifier>2E94F489-B976-8C12-E536-3B5051D1C86F</UniqueIdentifier>
    </Filter>
    <Filter Include="Source Files\gui\model">
      <UniqueIdentifier>8041820F-89B4-8EFB-36BE-011D07C42035</UniqueIdentifier>
    </Filter>
    <Filter Include="Source Files\gui\common">
      <UniqueIdentifier>57E283A7-0D24-57DF-41F7-C114FA3E5935</UniqueIdentifier>
    </Filter>
    <Filter Include="Source Files\generated\gui_generated\common">
      <UniqueIdentifier>502254FE-FEC7-C748-2CE7-E3A3D133DFC4</UniqueIdentifier>
    </Filter>
    <Filter Include="Header Files\generated\gui_generated\common">
      <UniqueIdentifier>9A3F8CF2-74E9-6B1E-AA6D-623DB138654A</UniqueIdentifier>
    </Filter>
    <Filter Include="Source Files\gui\rgb_led_screen">
      <UniqueIdentifier>2118056E-1253-6183-C5DC-301BDAAE20C1</UniqueIdentifier>
    </Filter>
    <Filter Include="Header Files\gui\rgb_led_screen">
      <UniqueIdentifier>496B50A5-03C9-73D5-A86D-748A1811EB81</UniqueIdentifier>
    </Filter>
    <Filter Include="Source Files\generated\gui_generated\rgb_led_screen">
      <UniqueIdentifier>39F2E632-C060-2B3F-454F-AC1778E879CB</UniqueIdentifier>
    </Filter>
    <Filter Include="Header Files\generated\gui_generated\rgb_led_screen">
      <UniqueIdentifier>C25001C2-1972-AAFE-E68E-BB4842EDEC56</UniqueIdentifier>
    </Filter>
    <Filter Include="Source Files\gui\accel_screen">
      <UniqueIdentifier>F183909A-381F-02DE-2539-4BFED22E6C8B</UniqueIdentifier>
    </Filter>
    <Filter Include="Header Files\gui\accel_screen">
      <UniqueIdentifier>EA1189D6-EF52-87AA-030C-0B3D0AE06D88</UniqueIdentifier>
    </Filter>
    <Filter Include="Source Files\generated\gui_generated\accel_screen">
      <UniqueIdentifier>F9735FF5-A0BE-FB1D-B4D6-D659260A3BA0</UniqueIdentifier>
    </Filter>
    <Filter Include="Header Files\generated\gui_generated\accel_screen">
      <UniqueIdentifier>1D6B546B-464D-C404-F4D9-A55D8F190640</UniqueIdentifier>
    </Filter>
    <Filter Include="Header Files\gui\light_screen">
      <UniqueIdentifier>12CB1916-4EF2-03E6-948E-ED742B4A138C</UniqueIdentifier>
    </Filter>
    <Filter Include="Source Files\gui\light_screen">
      <UniqueIdentifier>238EE206-0647-7645-A731-1235E6E56263</UniqueIdentifier>
    </Filter>
    <Filter Include="Header Files\generated\gui_generated\light_screen">
      <UniqueIdentifier>A75F92DB-C7FF-84AC-45A2-E00176041688</UniqueIdentifier>
    </Filter>
    <Filter Include="Source Files\generated\gui_generated\light_screen">
      <UniqueIdentifier>4363BB5B-8C47-1102-769A-A813D4162169</UniqueIdentifier>
    </Filter>
    <Filter Include="Header Files\gui\gallery_screen">
      <UniqueIdentifier>DBC19B77-27C7-7055-A0CD-9C6718AEBC0F</UniqueIdentifier>
    </Filter>
    <Filter Include="Source Files\gui\gallery_screen">
      <UniqueIdentifier>4DF109D4-4723-4DFD-CE22-B1DC3E1BA406</UniqueIdentifier>
    </Filter>
    <Filter Include="Source Files\generated\gui_generated\gallery_screen">
      <UniqueIdentifier>07891AF0-38F0-F48F-C2DF-3F160910EBEA</UniqueIdentifier>
    </Filter>
    <Filter Include="Header Files\generated\gui_generated\gallery_screen">
      <UniqueIdentifier>672116C2-0D02-ABB7-9B86-4DF58790B861</UniqueIdentifier>
    </Filter>
    <Filter Include="Source Files\gui\mp3_screen">
      <UniqueIdentifier>F5936828-8289-F251-3F5E-E349F1A671EB</UniqueIdentifier>
    </Filter>
    <Filter Include="Header Files\gui\mp3_screen">
      <UniqueIdentifier>BAC4E81D-596B-46B4-B241-E490BCA3143D</UniqueIdentifier>
    </Filter>
    <Filter Include="Header Files\generated\gui_generated\mp3_screen">
      <UniqueIdentifier>F720226D-FDFA-50DD-BB45-60E4E13B08F9</UniqueIdentifier>
    </Filter>
    <Filter Include="Source Files\generated\gui_generated\mp3_screen">
      <UniqueIdentifier>974A430C-D23F-16B3-FFB1-D83C1A053D99</UniqueIdentifier>
    </Filter>
    <Filter Include="Source Files\gui\containers">
      <UniqueIdentifier>BAE68F9C-97B5-BAAD-C3E2-CA1BC5C1A052</UniqueIdentifier>
    </Filter>
    <Filter Include="Header Files\gui\containers">
      <UniqueIdentifier>0DC25D33-F3F4-79D2-2D33-33144363912E</UniqueIdentifier>
    </Filter>
    <Filter Include="Source Files\generated\gui_generated\containers">
      <UniqueIdentifier>C39143A0-1CE3-0258-4A3B-8A4655C905DF</UniqueIdentifier>
    </Filter>
    <Filter Include="Header Files\generated\gui_generated\containers">
      <UniqueIdentifier>FBD1BA17-8684-DECD-5B76-15BDC8FEEF24</UniqueIdentifier>
    </Filter>
    <Filter Include="Header Files\gui\temp_screen">
      <UniqueIdentifier>D8AED6B3-DD3D-CDD9-3060-5808B7515F72</UniqueIdentifier>
    </Filter>
    <Filter Include="Source Files\gui\temp_screen">
      <UniqueIdentifier>07E5009B-DBB0-369E-459C-602BBF893035</UniqueIdentifier>
    </Filter>
    <Filter Include="Source Files\generated\gui_generated\temp_screen">
      <UniqueIdentifier>BBD21A30-9997-C27D-9631-0C9AC01990F7</UniqueIdentifier>
    </Filter>
    <Filter Include="Header Files\generated\gui_generated\temp_screen">
      <UniqueIdentifier>A48B6074-578E-AC22-936C-08BA7BA1FF90</UniqueIdentifier>
    </Filter>
    <Filter Include="Source Files\gui\pwr_screen">
      <UniqueIdentifier>DB68CDCD-D003-3C25-5D12-6460462E560A</UniqueIdentifier>
    </Filter>
    <Filter Include="Header Files\gui\pwr_screen">
      <UniqueIdentifier>5C2F81B7-F3FA-8485-FD63-F64308FC076D</UniqueIdentifier>
    </Filter>
    <Filter Include="Header Files\generated\gui_generated\pwr_screen">
      <UniqueIdentifier>73C414E1-63C1-5E9D-1D67-750503916216</UniqueIdentifier>
    </Filter>
    <Filter Include="Source Files\generated\gui_generated\pwr_screen">
      <UniqueIdentifier>9BF68FBC-7FF1-D783-0CAC-B9676A08812F</UniqueIdentifier>
    </Filter>
    <Filter Include="Header Files\gui\time_screen">
      <UniqueIdentifier>B3E77078-07CC-0E8E-9827-80A393C66A56</UniqueIdentifier>
    </Filter>
    <Filter Include="Source Files\gui\time_screen">
      <UniqueIdentifier>AB67AC6A-A326-7FC2-A717-A0CD2C37B15C</UniqueIdentifier>
    </Filter>
    <Filter Include="Source Files\generated\gui_generated\time_screen">
      <UniqueIdentifier>783DA584-023C-4754-A3EE-26F2A5F28318</UniqueIdentifier>
    </Filter>
    <Filter Include="Header Files\generated\gui_generated\time_screen">
      <UniqueIdentifier>2FB6EAD2-CFE7-E48A-0F0B-4F5823BCD4C0</UniqueIdentifier>
    </Filter>
    <Filter Include="Header Files\gui\main_menu_screen">
      <UniqueIdentifier>37BBD04D-E622-C680-3396-76E7422651D6</UniqueIdentifier>
    </Filter>
    <Filter Include="Source Files\gui\main_menu_screen">
      <UniqueIdentifier>80677D84-1BB2-64CA-8CA7-F5EA773BA1AE</UniqueIdentifier>
    </Filter>
    <Filter Include="Source Files\gui\buzzer_screen">
      <UniqueIdentifier>7AFB91BB-A021-476C-624E-529CCF357367</UniqueIdentifier>
    </Filter>
    <Filter Include="Header Files\gui\buzzer_screen">
      <UniqueIdentifier>C2597137-AF0C-A95A-4F3F-BFD6B41A2587</UniqueIdentifier>
    </Filter>
    <Filter Include="Header Files\generated\gui_generated\buzzer_screen">
      <UniqueIdentifier>38F1DC36-F100-3276-44A5-DF71595012CA</UniqueIdentifier>
    </Filter>
    <Filter Include="Source Files\generated\gui_generated\buzzer_screen">
      <UniqueIdentifier>C1EFF560-EE30-8C9A-8AF9-647361E83AE2</UniqueIdentifier>
    </Filter>
    <Filter Include="Source Files\generated\gui_generated\main_menu_screen">
      <UniqueIdentifier>79B10F55-8822-70D3-3203-DFACADEFF566</UniqueIdentifier>
    </Filter>
    <Filter Include="Header Files\generated\gui_generated\main_menu_screen">
      <UniqueIdentifier>B7FA9721-F36E-1E3D-6A82-1F1CF7218FC5</UniqueIdentifier>
    </Filter>
    <Filter Include="Header Files\gui\flash_screen">
      <UniqueIdentifier>FCE33F20-54C3-AE2B-CBCA-2E032A7854C5</UniqueIdentifier>
    </Filter>
    <Filter Include="Source Files\gui\flash_screen">
      <UniqueIdentifier>ECDBBCC3-6BC6-2516-9F7F-C8CDB04D1F1E</UniqueIdentifier>
    </Filter>
    <Filter Include="Source Files\generated\gui_generated\flash_screen">
      <UniqueIdentifier>BCE266A7-6C5C-7F2F-8C71-25D1526D123F</UniqueIdentifier>
    </Filter>
    <Filter Include="Header Files\generated\gui_generated\flash_screen">
      <UniqueIdentifier>4CECB250-32CA-152C-D602-5249E29F30CA</UniqueIdentifier>
    </Filter>
    <Filter Include="Header Files\gui\nrf_screen">
      <UniqueIdentifier>D288AF18-29ED-CDFA-DE3A-42E6AD73C250</UniqueIdentifier>
    </Filter>
    <Filter Include="Source Files\gui\nrf_screen">
      <UniqueIdentifier>3BA3F260-0B65-666C-2E22-362350A1C27A</UniqueIdentifier>
    </Filter>
    <Filter Include="Source Files\generated\gui_generated\nrf_screen">
      <UniqueIdentifier>2027DBC5-A502-8480-4E2D-ECD4B483B5CE</UniqueIdentifier>
    </Filter>
    <Filter Include="Header Files\generated\gui_generated\nrf_screen">
      <UniqueIdentifier>15F5DE68-6583-F524-DB19-617FC6B8C09D</UniqueIdentifier>
    </Filter>
    <Filter Include="Source Files\gui\weather_screen">
      <UniqueIdentifier>1820F277-BDC8-DD82-9315-CC8555942580</UniqueIdentifier>
    </Filter>
    <Filter Include="Header Files\gui\weather_screen">
      <UniqueIdentifier>FD4AC146-AD3C-247F-D9DE-06FE7F135110</UniqueIdentifier>
    </Filter>
    <Filter Include="Header Files\generated\gui_generated\weather_screen">
      <UniqueIdentifier>6CB90B7C-DB1A-43A8-8F1E-14D2B8E41F80</UniqueIdentifier>
    </Filter>
    <Filter Include="Source Files\generated\gui_generated\weather_screen">
      <UniqueIdentifier>DA9F322B-CF66-E309-03DE-CFA837EBDC02</UniqueIdentifier>
    </Filter>
  </ItemGroup>
  <ItemGroup>
    <ClCompile Include="$(TouchGFXReleasePath)\framework\source\platform\driver\touch\SDL2TouchController.cpp">
      <Filter>Source Files\TouchGFX\platform\driver\touch</Filter>
    </ClCompile>
    <ClCompile Include="$(TouchGFXReleasePath)\framework\source\platform\hal\simulator\sdl2\HALSDL2.cpp">
      <Filter>Source Files\TouchGFX\platform\hal\simulator\sdl2</Filter>
    </ClCompile>
    <ClCompile Include="$(TouchGFXReleasePath)\framework\source\platform\hal\simulator\sdl2\HALSDL2_icon.cpp">
      <Filter>Source Files\TouchGFX\platform\hal\simulator\sdl2</Filter>
    </ClCompile>
    <ClCompile Include="$(TouchGFXReleasePath)\framework\source\platform\hal\simulator\sdl2\OSWrappers.cpp">
      <Filter>Source Files\TouchGFX\platform\hal\simulator\sdl2</Filter>
    </ClCompile>
    <ClCompile Include="$(ApplicationRoot)\simulator\main.cpp">
      <Filter>Source Files\simulator</Filter>
    </ClCompile>
    <ClCompile Include="$(ApplicationRoot)\generated\simulator\src\mainBase.cpp">
      <Filter>Source Files\generated\simulator</Filter>
    </ClCompile>
    <ClCompile Include="..\..\gui\src\common\FrontendApplication.cpp">
      <Filter>Source Files\gui\common</Filter>
    </ClCompile>
    <ClCompile Include="..\..\generated\gui_generated\src\common\FrontendApplicationBase.cpp">
      <Filter>Source Files\generated\gui_generated\common</Filter>
    </ClCompile>
    <ClCompile Include="..\..\gui\src\model\Model.cpp">
      <Filter>Source Files\gui\model</Filter>
    </ClCompile>
    <ClCompile Include="..\..\gui\src\rgb_led_screen\RGB_LEDPresenter.cpp">
      <Filter>Source Files\gui\rgb_led_screen</Filter>
    </ClCompile>
    <ClCompile Include="..\..\gui\src\rgb_led_screen\RGB_LEDView.cpp">
      <Filter>Source Files\gui\rgb_led_screen</Filter>
    </ClCompile>
    <ClCompile Include="..\..\generated\gui_generated\src\rgb_led_screen\RGB_LEDViewBase.cpp">
      <Filter>Source Files\generated\gui_generated\rgb_led_screen</Filter>
    </ClCompile>
    <ClCompile Include="..\..\gui\src\accel_screen\ACCELPresenter.cpp">
      <Filter>Source Files\gui\accel_screen</Filter>
    </ClCompile>
    <ClCompile Include="..\..\gui\src\accel_screen\ACCELView.cpp">
      <Filter>Source Files\gui\accel_screen</Filter>
    </ClCompile>
    <ClCompile Include="..\..\generated\gui_generated\src\accel_screen\ACCELViewBase.cpp">
      <Filter>Source Files\generated\gui_generated\accel_screen</Filter>
    </ClCompile>
    <ClCompile Include="..\..\gui\src\common\AbstractGraph.cpp">
      <Filter>Source Files\gui\common</Filter>
    </ClCompile>
    <ClCompile Include="..\..\gui\src\common\Graph.cpp">
      <Filter>Source Files\gui\common</Filter>
    </ClCompile>
    <ClCompile Include="..\..\gui\src\common\GraphLine.cpp">
      <Filter>Source Files\gui\common</Filter>
    </ClCompile>
    <ClCompile Include="..\..\gui\src\light_screen\LIGHTPresenter.cpp">
      <Filter>Source Files\gui\light_screen</Filter>
    </ClCompile>
    <ClCompile Include="..\..\gui\src\light_screen\LIGHTView.cpp">
      <Filter>Source Files\gui\light_screen</Filter>
    </ClCompile>
    <ClCompile Include="..\..\generated\gui_generated\src\light_screen\LIGHTViewBase.cpp">
      <Filter>Source Files\generated\gui_generated\light_screen</Filter>
    </ClCompile>
    <ClCompile Include="..\..\gui\src\common\BMPFileLoader.cpp">
      <Filter>Source Files\gui\common</Filter>
    </ClCompile>
    <ClCompile Include="..\..\gui\src\mp3_screen\MP3Presenter.cpp">
      <Filter>Source Files\gui\mp3_screen</Filter>
    </ClCompile>
    <ClCompile Include="..\..\gui\src\mp3_screen\MP3View.cpp">
      <Filter>Source Files\gui\mp3_screen</Filter>
    </ClCompile>
    <ClCompile Include="..\..\generated\gui_generated\src\mp3_screen\MP3ViewBase.cpp">
      <Filter>Source Files\generated\gui_generated\mp3_screen</Filter>
    </ClCompile>
    <ClCompile Include="..\..\gui\src\containers\playlistItem.cpp">
      <Filter>Source Files\gui\containers</Filter>
    </ClCompile>
    <ClCompile Include="..\..\generated\gui_generated\src\containers\playlistItemBase.cpp">
      <Filter>Source Files\generated\gui_generated\containers</Filter>
    </ClCompile>
    <ClCompile Include="..\..\gui\src\common\MyScrollableContainer.cpp">
      <Filter>Source Files\gui\common</Filter>
    </ClCompile>
    <ClCompile Include="..\..\gui\src\temp_screen\TEMPPresenter.cpp">
      <Filter>Source Files\gui\temp_screen</Filter>
    </ClCompile>
    <ClCompile Include="..\..\gui\src\temp_screen\TEMPView.cpp">
      <Filter>Source Files\gui\temp_screen</Filter>
    </ClCompile>
    <ClCompile Include="..\..\generated\gui_generated\src\temp_screen\TEMPViewBase.cpp">
      <Filter>Source Files\generated\gui_generated\temp_screen</Filter>
    </ClCompile>
    <ClCompile Include="..\..\gui\src\pwr_screen\PWRPresenter.cpp">
      <Filter>Source Files\gui\pwr_screen</Filter>
    </ClCompile>
    <ClCompile Include="..\..\gui\src\pwr_screen\PWRView.cpp">
      <Filter>Source Files\gui\pwr_screen</Filter>
    </ClCompile>
    <ClCompile Include="..\..\generated\gui_generated\src\pwr_screen\PWRViewBase.cpp">
      <Filter>Source Files\generated\gui_generated\pwr_screen</Filter>
    </ClCompile>
    <ClCompile Include="..\..\gui\src\time_screen\TIMEPresenter.cpp">
      <Filter>Source Files\gui\time_screen</Filter>
    </ClCompile>
    <ClCompile Include="..\..\gui\src\time_screen\TIMEView.cpp">
      <Filter>Source Files\gui\time_screen</Filter>
    </ClCompile>
    <ClCompile Include="..\..\generated\gui_generated\src\time_screen\TIMEViewBase.cpp">
      <Filter>Source Files\generated\gui_generated\time_screen</Filter>
    </ClCompile>
    <ClCompile Include="..\..\gui\src\containers\wheelElement.cpp">
      <Filter>Source Files\gui\containers</Filter>
    </ClCompile>
    <ClCompile Include="..\..\generated\gui_generated\src\containers\wheelElementBase.cpp">
      <Filter>Source Files\generated\gui_generated\containers</Filter>
    </ClCompile>
    <ClCompile Include="..\..\gui\src\containers\wheelElementSet.cpp">
      <Filter>Source Files\gui\containers</Filter>
    </ClCompile>
    <ClCompile Include="..\..\generated\gui_generated\src\containers\wheelElementSetBase.cpp">
      <Filter>Source Files\generated\gui_generated\containers</Filter>
    </ClCompile>
    <ClCompile Include="..\..\gui\src\containers\wheelElement1.cpp">
      <Filter>Source Files\gui\containers</Filter>
    </ClCompile>
    <ClCompile Include="..\..\generated\gui_generated\src\containers\wheelElement1Base.cpp">
      <Filter>Source Files\generated\gui_generated\containers</Filter>
    </ClCompile>
    <ClCompile Include="..\..\gui\src\containers\wheelElementSet1.cpp">
      <Filter>Source Files\gui\containers</Filter>
    </ClCompile>
    <ClCompile Include="..\..\generated\gui_generated\src\containers\wheelElementSet1Base.cpp">
      <Filter>Source Files\generated\gui_generated\containers</Filter>
    </ClCompile>
    <ClCompile Include="..\..\gui\src\buzzer_screen\BUZZERPresenter.cpp">
      <Filter>Source Files\gui\buzzer_screen</Filter>
    </ClCompile>
    <ClCompile Include="..\..\gui\src\buzzer_screen\BUZZERView.cpp">
      <Filter>Source Files\gui\buzzer_screen</Filter>
    </ClCompile>
    <ClCompile Include="..\..\generated\gui_generated\src\buzzer_screen\BUZZERViewBase.cpp">
      <Filter>Source Files\generated\gui_generated\buzzer_screen</Filter>
    </ClCompile>
    <ClCompile Include="..\..\gui\src\main_menu_screen\MAIN_MENUPresenter.cpp">
      <Filter>Source Files\gui\main_menu_screen</Filter>
    </ClCompile>
    <ClCompile Include="..\..\gui\src\main_menu_screen\MAIN_MENUView.cpp">
      <Filter>Source Files\gui\main_menu_screen</Filter>
    </ClCompile>
    <ClCompile Include="..\..\generated\gui_generated\src\main_menu_screen\MAIN_MENUViewBase.cpp">
      <Filter>Source Files\generated\gui_generated\main_menu_screen</Filter>
    </ClCompile>
    <ClCompile Include="..\..\gui\src\gallery_screen\GALLERYPresenter.cpp">
      <Filter>Source Files\gui\gallery_screen</Filter>
    </ClCompile>
    <ClCompile Include="..\..\generated\gui_generated\src\gallery_screen\GALLERYViewBase.cpp">
      <Filter>Source Files\generated\gui_generated\gallery_screen</Filter>
    </ClCompile>
    <ClCompile Include="..\..\gui\src\gallery_screen\GALLERYView.cpp">
      <Filter>Source Files\gui\gallery_screen</Filter>
    </ClCompile>
    <ClCompile Include="..\..\gui\src\flash_screen\FLASHPresenter.cpp">
      <Filter>Source Files\gui\flash_screen</Filter>
    </ClCompile>
    <ClCompile Include="..\..\gui\src\flash_screen\FLASHView.cpp">
      <Filter>Source Files\gui\flash_screen</Filter>
    </ClCompile>
    <ClCompile Include="..\..\generated\gui_generated\src\flash_screen\FLASHViewBase.cpp">
      <Filter>Source Files\generated\gui_generated\flash_screen</Filter>
    </ClCompile>
    <ClCompile Include="..\..\gui\src\nrf_screen\NRFPresenter.cpp">
      <Filter>Source Files\gui\nrf_screen</Filter>
    </ClCompile>
    <ClCompile Include="..\..\gui\src\nrf_screen\NRFView.cpp">
      <Filter>Source Files\gui\nrf_screen</Filter>
    </ClCompile>
    <ClCompile Include="..\..\generated\gui_generated\src\nrf_screen\NRFViewBase.cpp">
      <Filter>Source Files\generated\gui_generated\nrf_screen</Filter>
    </ClCompile>
    <ClCompile Include="..\..\gui\src\containers\btnKeySmall.cpp">
      <Filter>Source Files\gui\containers</Filter>
    </ClCompile>
    <ClCompile Include="..\..\generated\gui_generated\src\containers\btnKeySmallBase.cpp">
      <Filter>Source Files\generated\gui_generated\containers</Filter>
    </ClCompile>
    <ClCompile Include="..\..\gui\src\weather_screen\WEATHERPresenter.cpp">
      <Filter>Source Files\gui\weather_screen</Filter>
    </ClCompile>
    <ClCompile Include="..\..\gui\src\weather_screen\WEATHERView.cpp">
      <Filter>Source Files\gui\weather_screen</Filter>
    </ClCompile>
    <ClCompile Include="..\..\generated\gui_generated\src\weather_screen\WEATHERViewBase.cpp">
      <Filter>Source Files\generated\gui_generated\weather_screen</Filter>
    </ClCompile>
  </ItemGroup>
  <ItemGroup>
    <None Include="$(ApplicationRoot)\assets\texts\texts.xlsx">
      <Filter>Resource Files\assets\texts</Filter>
    </None>
    <None Include="$(ApplicationRoot)\config\msvs\Application.props">
      <Filter>Resource Files\config\msvs</Filter>
    </None>
  </ItemGroup>
  <ItemGroup>
    <ClInclude Include="$(TouchGFXReleasePath)\framework\include\common\AbstractPartition.hpp">
      <Filter>Header Files\TouchGFX\common</Filter>
    </ClInclude>
    <ClInclude Include="$(TouchGFXReleasePath)\framework\include\common\Meta.hpp">
      <Filter>Header Files\TouchGFX\common</Filter>
    </ClInclude>
    <ClInclude Include="$(TouchGFXReleasePath)\framework\include\common\Partition.hpp">
      <Filter>Header Files\TouchGFX\common</Filter>
    </ClInclude>
    <ClInclude Include="$(TouchGFXReleasePath)\framework\include\common\TouchGFXInit.hpp">
      <Filter>Header Files\TouchGFX\common</Filter>
    </ClInclude>
    <ClInclude Include="$(TouchGFXReleasePath)\framework\include\mvp\MVPApplication.hpp">
      <Filter>Header Files\TouchGFX\mvp</Filter>
    </ClInclude>
    <ClInclude Include="$(TouchGFXReleasePath)\framework\include\mvp\MVPHeap.hpp">
      <Filter>Header Files\TouchGFX\mvp</Filter>
    </ClInclude>
    <ClInclude Include="$(TouchGFXReleasePath)\framework\include\mvp\Presenter.hpp">
      <Filter>Header Files\TouchGFX\mvp</Filter>
    </ClInclude>
    <ClInclude Include="$(TouchGFXReleasePath)\framework\include\mvp\View.hpp">
      <Filter>Header Files\TouchGFX\mvp</Filter>
    </ClInclude>
    <ClInclude Include="$(TouchGFXReleasePath)\framework\include\platform\driver\lcd\LCD16bpp.hpp">
      <Filter>Header Files\TouchGFX\platform\driver\lcd</Filter>
    </ClInclude>
    <ClInclude Include="$(TouchGFXReleasePath)\framework\include\platform\driver\lcd\LCD1bpp.hpp">
      <Filter>Header Files\TouchGFX\platform\driver\lcd</Filter>
    </ClInclude>
    <ClInclude Include="$(TouchGFXReleasePath)\framework\include\platform\driver\lcd\LCD24bpp.hpp">
      <Filter>Header Files\TouchGFX\platform\driver\lcd</Filter>
    </ClInclude>
    <ClInclude Include="$(TouchGFXReleasePath)\framework\include\platform\driver\lcd\LCD2bpp.hpp">
      <Filter>Header Files\TouchGFX\platform\driver\lcd</Filter>
    </ClInclude>
    <ClInclude Include="$(TouchGFXReleasePath)\framework\include\platform\driver\lcd\LCD4bpp.hpp">
      <Filter>Header Files\TouchGFX\platform\driver\lcd</Filter>
    </ClInclude>
    <ClInclude Include="$(TouchGFXReleasePath)\framework\include\platform\driver\touch\SDL2TouchController.hpp">
      <Filter>Header Files\TouchGFX\platform\driver\touch</Filter>
    </ClInclude>
    <ClInclude Include="$(TouchGFXReleasePath)\framework\include\platform\hal\simulator\sdl2\HALSDL2.hpp">
      <Filter>Header Files\TouchGFX\platform\hal\simulator\sdl2</Filter>
    </ClInclude>
    <ClInclude Include="$(TouchGFXReleasePath)\framework\include\touchgfx\Application.hpp">
      <Filter>Header Files\TouchGFX\touchgfx</Filter>
    </ClInclude>
    <ClInclude Include="$(TouchGFXReleasePath)\framework\include\touchgfx\Bitmap.hpp">
      <Filter>Header Files\TouchGFX\touchgfx</Filter>
    </ClInclude>
    <ClInclude Include="$(TouchGFXReleasePath)\framework\include\touchgfx\Callback.hpp">
      <Filter>Header Files\TouchGFX\touchgfx</Filter>
    </ClInclude>
    <ClInclude Include="$(TouchGFXReleasePath)\framework\include\touchgfx\canvas_widget_renderer\CanvasWidgetRenderer.hpp">
      <Filter>Header Files\TouchGFX\touchgfx\canvas_widget_renderer</Filter>
    </ClInclude>
    <ClInclude Include="$(TouchGFXReleasePath)\framework\include\touchgfx\canvas_widget_renderer\Cell.hpp">
      <Filter>Header Files\TouchGFX\touchgfx\canvas_widget_renderer</Filter>
    </ClInclude>
    <ClInclude Include="$(TouchGFXReleasePath)\framework\include\touchgfx\canvas_widget_renderer\Outline.hpp">
      <Filter>Header Files\TouchGFX\touchgfx\canvas_widget_renderer</Filter>
    </ClInclude>
    <ClInclude Include="$(TouchGFXReleasePath)\framework\include\touchgfx\canvas_widget_renderer\Rasterizer.hpp">
      <Filter>Header Files\TouchGFX\touchgfx\canvas_widget_renderer</Filter>
    </ClInclude>
    <ClInclude Include="$(TouchGFXReleasePath)\framework\include\touchgfx\canvas_widget_renderer\Renderer.hpp">
      <Filter>Header Files\TouchGFX\touchgfx\canvas_widget_renderer</Filter>
    </ClInclude>
    <ClInclude Include="$(TouchGFXReleasePath)\framework\include\touchgfx\canvas_widget_renderer\RenderingBuffer.hpp">
      <Filter>Header Files\TouchGFX\touchgfx\canvas_widget_renderer</Filter>
    </ClInclude>
    <ClInclude Include="$(TouchGFXReleasePath)\framework\include\touchgfx\canvas_widget_renderer\RGBA8.hpp">
      <Filter>Header Files\TouchGFX\touchgfx\canvas_widget_renderer</Filter>
    </ClInclude>
    <ClInclude Include="$(TouchGFXReleasePath)\framework\include\touchgfx\canvas_widget_renderer\Scanline.hpp">
      <Filter>Header Files\TouchGFX\touchgfx\canvas_widget_renderer</Filter>
    </ClInclude>
    <ClInclude Include="$(TouchGFXReleasePath)\framework\include\touchgfx\Color.hpp">
      <Filter>Header Files\TouchGFX\touchgfx</Filter>
    </ClInclude>
    <ClInclude Include="$(TouchGFXReleasePath)\framework\include\touchgfx\ConstFont.hpp">
      <Filter>Header Files\TouchGFX\touchgfx</Filter>
    </ClInclude>
    <ClInclude Include="$(TouchGFXReleasePath)\framework\include\touchgfx\containers\clock\AbstractClock.hpp">
      <Filter>Header Files\TouchGFX\touchgfx\containers\clock</Filter>
    </ClInclude>
    <ClInclude Include="$(TouchGFXReleasePath)\framework\include\touchgfx\containers\clock\AnalogClock.hpp">
      <Filter>Header Files\TouchGFX\touchgfx\containers\clock</Filter>
    </ClInclude>
    <ClInclude Include="$(TouchGFXReleasePath)\framework\include\touchgfx\containers\clock\DigitalClock.hpp">
      <Filter>Header Files\TouchGFX\touchgfx\containers\clock</Filter>
    </ClInclude>
    <ClInclude Include="$(TouchGFXReleasePath)\framework\include\touchgfx\containers\Container.hpp">
      <Filter>Header Files\TouchGFX\touchgfx\containers</Filter>
    </ClInclude>
    <ClInclude Include="$(TouchGFXReleasePath)\framework\include\touchgfx\containers\ListLayout.hpp">
      <Filter>Header Files\TouchGFX\touchgfx\containers</Filter>
    </ClInclude>
    <ClInclude Include="$(TouchGFXReleasePath)\framework\include\touchgfx\containers\ModalWindow.hpp">
      <Filter>Header Files\TouchGFX\touchgfx\containers</Filter>
    </ClInclude>
    <ClInclude Include="$(TouchGFXReleasePath)\framework\include\touchgfx\containers\progress_indicators\AbstractDirectionProgress.hpp">
      <Filter>Header Files\TouchGFX\touchgfx\containers\progress_indicators</Filter>
    </ClInclude>
    <ClInclude Include="$(TouchGFXReleasePath)\framework\include\touchgfx\containers\progress_indicators\AbstractProgressIndicator.hpp">
      <Filter>Header Files\TouchGFX\touchgfx\containers\progress_indicators</Filter>
    </ClInclude>
    <ClInclude Include="$(TouchGFXReleasePath)\framework\include\touchgfx\containers\progress_indicators\BoxProgress.hpp">
      <Filter>Header Files\TouchGFX\touchgfx\containers\progress_indicators</Filter>
    </ClInclude>
    <ClInclude Include="$(TouchGFXReleasePath)\framework\include\touchgfx\containers\progress_indicators\CircleProgress.hpp">
      <Filter>Header Files\TouchGFX\touchgfx\containers\progress_indicators</Filter>
    </ClInclude>
    <ClInclude Include="$(TouchGFXReleasePath)\framework\include\touchgfx\containers\progress_indicators\ImageProgress.hpp">
      <Filter>Header Files\TouchGFX\touchgfx\containers\progress_indicators</Filter>
    </ClInclude>
    <ClInclude Include="$(TouchGFXReleasePath)\framework\include\touchgfx\containers\progress_indicators\LineProgress.hpp">
      <Filter>Header Files\TouchGFX\touchgfx\containers\progress_indicators</Filter>
    </ClInclude>
    <ClInclude Include="$(TouchGFXReleasePath)\framework\include\touchgfx\containers\progress_indicators\TextProgress.hpp">
      <Filter>Header Files\TouchGFX\touchgfx\containers\progress_indicators</Filter>
    </ClInclude>
    <ClInclude Include="$(TouchGFXReleasePath)\framework\include\touchgfx\containers\ScrollableContainer.hpp">
      <Filter>Header Files\TouchGFX\touchgfx\containers</Filter>
    </ClInclude>
    <ClInclude Include="$(TouchGFXReleasePath)\framework\include\touchgfx\containers\SlideMenu.hpp">
      <Filter>Header Files\TouchGFX\touchgfx\containers</Filter>
    </ClInclude>
    <ClInclude Include="$(TouchGFXReleasePath)\framework\include\touchgfx\containers\Slider.hpp">
      <Filter>Header Files\TouchGFX\touchgfx\containers</Filter>
    </ClInclude>
    <ClInclude Include="$(TouchGFXReleasePath)\framework\include\touchgfx\containers\ZoomAnimationImage.hpp">
      <Filter>Header Files\TouchGFX\touchgfx\containers</Filter>
    </ClInclude>
    <ClInclude Include="$(TouchGFXReleasePath)\framework\include\touchgfx\Drawable.hpp">
      <Filter>Header Files\TouchGFX\touchgfx</Filter>
    </ClInclude>
    <ClInclude Include="$(TouchGFXReleasePath)\framework\include\touchgfx\EasingEquations.hpp">
      <Filter>Header Files\TouchGFX\touchgfx</Filter>
    </ClInclude>
    <ClInclude Include="$(TouchGFXReleasePath)\framework\include\touchgfx\Event.hpp">
      <Filter>Header Files\TouchGFX\touchgfx</Filter>
    </ClInclude>
    <ClInclude Include="$(TouchGFXReleasePath)\framework\include\touchgfx\events\ClickEvent.hpp">
      <Filter>Header Files\TouchGFX\touchgfx\events</Filter>
    </ClInclude>
    <ClInclude Include="$(TouchGFXReleasePath)\framework\include\touchgfx\events\DragEvent.hpp">
      <Filter>Header Files\TouchGFX\touchgfx\events</Filter>
    </ClInclude>
    <ClInclude Include="$(TouchGFXReleasePath)\framework\include\touchgfx\events\GestureEvent.hpp">
      <Filter>Header Files\TouchGFX\touchgfx\events</Filter>
    </ClInclude>
    <ClInclude Include="$(TouchGFXReleasePath)\framework\include\touchgfx\Font.hpp">
      <Filter>Header Files\TouchGFX\touchgfx</Filter>
    </ClInclude>
    <ClInclude Include="$(TouchGFXReleasePath)\framework\include\touchgfx\FontManager.hpp">
      <Filter>Header Files\TouchGFX\touchgfx</Filter>
    </ClInclude>
    <ClInclude Include="$(TouchGFXReleasePath)\framework\include\touchgfx\hal\Atomic.hpp">
      <Filter>Header Files\TouchGFX\touchgfx\hal</Filter>
    </ClInclude>
    <ClInclude Include="$(TouchGFXReleasePath)\framework\include\touchgfx\hal\BlitOp.hpp">
      <Filter>Header Files\TouchGFX\touchgfx\hal</Filter>
    </ClInclude>
    <ClInclude Include="$(TouchGFXReleasePath)\framework\include\touchgfx\hal\BoardConfiguration.hpp">
      <Filter>Header Files\TouchGFX\touchgfx\hal</Filter>
    </ClInclude>
    <ClInclude Include="$(TouchGFXReleasePath)\framework\include\touchgfx\hal\Buttons.hpp">
      <Filter>Header Files\TouchGFX\touchgfx\hal</Filter>
    </ClInclude>
    <ClInclude Include="$(TouchGFXReleasePath)\framework\include\touchgfx\hal\Config.hpp">
      <Filter>Header Files\TouchGFX\touchgfx\hal</Filter>
    </ClInclude>
    <ClInclude Include="$(TouchGFXReleasePath)\framework\include\touchgfx\hal\DMA.hpp">
      <Filter>Header Files\TouchGFX\touchgfx\hal</Filter>
    </ClInclude>
    <ClInclude Include="$(TouchGFXReleasePath)\framework\include\touchgfx\hal\Gestures.hpp">
      <Filter>Header Files\TouchGFX\touchgfx\hal</Filter>
    </ClInclude>
    <ClInclude Include="$(TouchGFXReleasePath)\framework\include\touchgfx\hal\GPIO.hpp">
      <Filter>Header Files\TouchGFX\touchgfx\hal</Filter>
    </ClInclude>
    <ClInclude Include="$(TouchGFXReleasePath)\framework\include\touchgfx\hal\HAL.hpp">
      <Filter>Header Files\TouchGFX\touchgfx\hal</Filter>
    </ClInclude>
    <ClInclude Include="$(TouchGFXReleasePath)\framework\include\touchgfx\hal\LED.hpp">
      <Filter>Header Files\TouchGFX\touchgfx\hal</Filter>
    </ClInclude>
    <ClInclude Include="$(TouchGFXReleasePath)\framework\include\touchgfx\hal\NoDMA.hpp">
      <Filter>Header Files\TouchGFX\touchgfx\hal</Filter>
    </ClInclude>
    <ClInclude Include="$(TouchGFXReleasePath)\framework\include\touchgfx\hal\OSWrappers.hpp">
      <Filter>Header Files\TouchGFX\touchgfx\hal</Filter>
    </ClInclude>
    <ClInclude Include="$(TouchGFXReleasePath)\framework\include\touchgfx\hal\Types.hpp">
      <Filter>Header Files\TouchGFX\touchgfx\hal</Filter>
    </ClInclude>
    <ClInclude Include="$(TouchGFXReleasePath)\framework\include\touchgfx\InternalFlashFont.hpp">
      <Filter>Header Files\TouchGFX\touchgfx</Filter>
    </ClInclude>
    <ClInclude Include="$(TouchGFXReleasePath)\framework\include\touchgfx\JSMOCHelper.hpp">
      <Filter>Header Files\TouchGFX\touchgfx</Filter>
    </ClInclude>
    <ClInclude Include="$(TouchGFXReleasePath)\framework\include\touchgfx\lcd\LCD.hpp">
      <Filter>Header Files\TouchGFX\touchgfx\lcd</Filter>
    </ClInclude>
    <ClInclude Include="$(TouchGFXReleasePath)\framework\include\touchgfx\Math3D.hpp">
      <Filter>Header Files\TouchGFX\touchgfx</Filter>
    </ClInclude>
    <ClInclude Include="$(TouchGFXReleasePath)\framework\include\touchgfx\mixins\ClickListener.hpp">
      <Filter>Header Files\TouchGFX\touchgfx\mixins</Filter>
    </ClInclude>
    <ClInclude Include="$(TouchGFXReleasePath)\framework\include\touchgfx\mixins\Draggable.hpp">
      <Filter>Header Files\TouchGFX\touchgfx\mixins</Filter>
    </ClInclude>
    <ClInclude Include="$(TouchGFXReleasePath)\framework\include\touchgfx\mixins\FadeAnimator.hpp">
      <Filter>Header Files\TouchGFX\touchgfx\mixins</Filter>
    </ClInclude>
    <ClInclude Include="$(TouchGFXReleasePath)\framework\include\touchgfx\mixins\MoveAnimator.hpp">
      <Filter>Header Files\TouchGFX\touchgfx\mixins</Filter>
    </ClInclude>
    <ClInclude Include="$(TouchGFXReleasePath)\framework\include\touchgfx\mixins\PreRenderable.hpp">
      <Filter>Header Files\TouchGFX\touchgfx\mixins</Filter>
    </ClInclude>
    <ClInclude Include="$(TouchGFXReleasePath)\framework\include\touchgfx\mixins\Snapper.hpp">
      <Filter>Header Files\TouchGFX\touchgfx\mixins</Filter>
    </ClInclude>
    <ClInclude Include="$(TouchGFXReleasePath)\framework\include\touchgfx\Screen.hpp">
      <Filter>Header Files\TouchGFX\touchgfx</Filter>
    </ClInclude>
    <ClInclude Include="$(TouchGFXReleasePath)\framework\include\touchgfx\TextProvider.hpp">
      <Filter>Header Files\TouchGFX\touchgfx</Filter>
    </ClInclude>
    <ClInclude Include="$(TouchGFXReleasePath)\framework\include\touchgfx\Texts.hpp">
      <Filter>Header Files\TouchGFX\touchgfx</Filter>
    </ClInclude>
    <ClInclude Include="$(TouchGFXReleasePath)\framework\include\touchgfx\TextureMapTypes.hpp">
      <Filter>Header Files\TouchGFX\touchgfx</Filter>
    </ClInclude>
    <ClInclude Include="$(TouchGFXReleasePath)\framework\include\touchgfx\transforms\DisplayTransformation.hpp">
      <Filter>Header Files\TouchGFX\touchgfx\transforms</Filter>
    </ClInclude>
    <ClInclude Include="$(TouchGFXReleasePath)\framework\include\touchgfx\transforms\TouchCalibration.hpp">
      <Filter>Header Files\TouchGFX\touchgfx\transforms</Filter>
    </ClInclude>
    <ClInclude Include="$(TouchGFXReleasePath)\framework\include\touchgfx\transitions\NoTransition.hpp">
      <Filter>Header Files\TouchGFX\touchgfx\transitions</Filter>
    </ClInclude>
    <ClInclude Include="$(TouchGFXReleasePath)\framework\include\touchgfx\transitions\SlideTransition.hpp">
      <Filter>Header Files\TouchGFX\touchgfx\transitions</Filter>
    </ClInclude>
    <ClInclude Include="$(TouchGFXReleasePath)\framework\include\touchgfx\transitions\Transition.hpp">
      <Filter>Header Files\TouchGFX\touchgfx\transitions</Filter>
    </ClInclude>
    <ClInclude Include="$(TouchGFXReleasePath)\framework\include\touchgfx\TypedText.hpp">
      <Filter>Header Files\TouchGFX\touchgfx</Filter>
    </ClInclude>
    <ClInclude Include="$(TouchGFXReleasePath)\framework\include\touchgfx\UIEventListener.hpp">
      <Filter>Header Files\TouchGFX\touchgfx</Filter>
    </ClInclude>
    <ClInclude Include="$(TouchGFXReleasePath)\framework\include\touchgfx\Unicode.hpp">
      <Filter>Header Files\TouchGFX\touchgfx</Filter>
    </ClInclude>
    <ClInclude Include="$(TouchGFXReleasePath)\framework\include\touchgfx\Utils.hpp">
      <Filter>Header Files\TouchGFX\touchgfx</Filter>
    </ClInclude>
    <ClInclude Include="$(TouchGFXReleasePath)\framework\include\touchgfx\widgets\AbstractButton.hpp">
      <Filter>Header Files\TouchGFX\touchgfx\widgets</Filter>
    </ClInclude>
    <ClInclude Include="$(TouchGFXReleasePath)\framework\include\touchgfx\widgets\AnimatedImage.hpp">
      <Filter>Header Files\TouchGFX\touchgfx\widgets</Filter>
    </ClInclude>
    <ClInclude Include="$(TouchGFXReleasePath)\framework\include\touchgfx\widgets\AnimationTextureMapper.hpp">
      <Filter>Header Files\TouchGFX\touchgfx\widgets</Filter>
    </ClInclude>
    <ClInclude Include="$(TouchGFXReleasePath)\framework\include\touchgfx\widgets\Box.hpp">
      <Filter>Header Files\TouchGFX\touchgfx\widgets</Filter>
    </ClInclude>
    <ClInclude Include="$(TouchGFXReleasePath)\framework\include\touchgfx\widgets\Button.hpp">
      <Filter>Header Files\TouchGFX\touchgfx\widgets</Filter>
    </ClInclude>
    <ClInclude Include="$(TouchGFXReleasePath)\framework\include\touchgfx\widgets\ButtonWithIcon.hpp">
      <Filter>Header Files\TouchGFX\touchgfx\widgets</Filter>
    </ClInclude>
    <ClInclude Include="$(TouchGFXReleasePath)\framework\include\touchgfx\widgets\ButtonWithLabel.hpp">
      <Filter>Header Files\TouchGFX\touchgfx\widgets</Filter>
    </ClInclude>
    <ClInclude Include="$(TouchGFXReleasePath)\framework\include\touchgfx\widgets\canvas\AbstractPainter.hpp">
      <Filter>Header Files\TouchGFX\touchgfx\widgets\canvas</Filter>
    </ClInclude>
    <ClInclude Include="$(TouchGFXReleasePath)\framework\include\touchgfx\widgets\canvas\AbstractPainterBW.hpp">
      <Filter>Header Files\TouchGFX\touchgfx\widgets\canvas</Filter>
    </ClInclude>
    <ClInclude Include="$(TouchGFXReleasePath)\framework\include\touchgfx\widgets\canvas\AbstractPainterGRAY2.hpp">
      <Filter>Header Files\TouchGFX\touchgfx\widgets\canvas</Filter>
    </ClInclude>
    <ClInclude Include="$(TouchGFXReleasePath)\framework\include\touchgfx\widgets\canvas\AbstractPainterGRAY4.hpp">
      <Filter>Header Files\TouchGFX\touchgfx\widgets\canvas</Filter>
    </ClInclude>
    <ClInclude Include="$(TouchGFXReleasePath)\framework\include\touchgfx\widgets\canvas\AbstractPainterRGB565.hpp">
      <Filter>Header Files\TouchGFX\touchgfx\widgets\canvas</Filter>
    </ClInclude>
    <ClInclude Include="$(TouchGFXReleasePath)\framework\include\touchgfx\widgets\canvas\AbstractPainterRGB888.hpp">
      <Filter>Header Files\TouchGFX\touchgfx\widgets\canvas</Filter>
    </ClInclude>
    <ClInclude Include="$(TouchGFXReleasePath)\framework\include\touchgfx\widgets\canvas\AbstractShape.hpp">
      <Filter>Header Files\TouchGFX\touchgfx\widgets\canvas</Filter>
    </ClInclude>
    <ClInclude Include="$(TouchGFXReleasePath)\framework\include\touchgfx\widgets\canvas\Canvas.hpp">
      <Filter>Header Files\TouchGFX\touchgfx\widgets\canvas</Filter>
    </ClInclude>
    <ClInclude Include="$(TouchGFXReleasePath)\framework\include\touchgfx\widgets\canvas\CanvasWidget.hpp">
      <Filter>Header Files\TouchGFX\touchgfx\widgets\canvas</Filter>
    </ClInclude>
    <ClInclude Include="$(TouchGFXReleasePath)\framework\include\touchgfx\widgets\canvas\Circle.hpp">
      <Filter>Header Files\TouchGFX\touchgfx\widgets\canvas</Filter>
    </ClInclude>
    <ClInclude Include="$(TouchGFXReleasePath)\framework\include\touchgfx\widgets\canvas\CWRUtil.hpp">
      <Filter>Header Files\TouchGFX\touchgfx\widgets\canvas</Filter>
    </ClInclude>
    <ClInclude Include="$(TouchGFXReleasePath)\framework\include\touchgfx\widgets\canvas\Line.hpp">
      <Filter>Header Files\TouchGFX\touchgfx\widgets\canvas</Filter>
    </ClInclude>
    <ClInclude Include="$(TouchGFXReleasePath)\framework\include\touchgfx\widgets\canvas\PainterBW.hpp">
      <Filter>Header Files\TouchGFX\touchgfx\widgets\canvas</Filter>
    </ClInclude>
    <ClInclude Include="$(TouchGFXReleasePath)\framework\include\touchgfx\widgets\canvas\PainterGRAY2.hpp">
      <Filter>Header Files\TouchGFX\touchgfx\widgets\canvas</Filter>
    </ClInclude>
    <ClInclude Include="$(TouchGFXReleasePath)\framework\include\touchgfx\widgets\canvas\PainterGRAY2Bitmap.hpp">
      <Filter>Header Files\TouchGFX\touchgfx\widgets\canvas</Filter>
    </ClInclude>
    <ClInclude Include="$(TouchGFXReleasePath)\framework\include\touchgfx\widgets\canvas\PainterGRAY4.hpp">
      <Filter>Header Files\TouchGFX\touchgfx\widgets\canvas</Filter>
    </ClInclude>
    <ClInclude Include="$(TouchGFXReleasePath)\framework\include\touchgfx\widgets\canvas\PainterGRAY4Bitmap.hpp">
      <Filter>Header Files\TouchGFX\touchgfx\widgets\canvas</Filter>
    </ClInclude>
    <ClInclude Include="$(TouchGFXReleasePath)\framework\include\touchgfx\widgets\canvas\PainterRGB565.hpp">
      <Filter>Header Files\TouchGFX\touchgfx\widgets\canvas</Filter>
    </ClInclude>
    <ClInclude Include="$(TouchGFXReleasePath)\framework\include\touchgfx\widgets\canvas\PainterRGB565Bitmap.hpp">
      <Filter>Header Files\TouchGFX\touchgfx\widgets\canvas</Filter>
    </ClInclude>
    <ClInclude Include="$(TouchGFXReleasePath)\framework\include\touchgfx\widgets\canvas\PainterRGB888.hpp">
      <Filter>Header Files\TouchGFX\touchgfx\widgets\canvas</Filter>
    </ClInclude>
    <ClInclude Include="$(TouchGFXReleasePath)\framework\include\touchgfx\widgets\canvas\PainterRGB888Bitmap.hpp">
      <Filter>Header Files\TouchGFX\touchgfx\widgets\canvas</Filter>
    </ClInclude>
    <ClInclude Include="$(TouchGFXReleasePath)\framework\include\touchgfx\widgets\canvas\Shape.hpp">
      <Filter>Header Files\TouchGFX\touchgfx\widgets\canvas</Filter>
    </ClInclude>
    <ClInclude Include="$(TouchGFXReleasePath)\framework\include\touchgfx\widgets\Image.hpp">
      <Filter>Header Files\TouchGFX\touchgfx\widgets</Filter>
    </ClInclude>
    <ClInclude Include="$(TouchGFXReleasePath)\framework\include\touchgfx\widgets\Keyboard.hpp">
      <Filter>Header Files\TouchGFX\touchgfx\widgets</Filter>
    </ClInclude>
    <ClInclude Include="$(TouchGFXReleasePath)\framework\include\touchgfx\widgets\PixelDataWidget.hpp">
      <Filter>Header Files\TouchGFX\touchgfx\widgets</Filter>
    </ClInclude>
    <ClInclude Include="$(TouchGFXReleasePath)\framework\include\touchgfx\widgets\RadioButton.hpp">
      <Filter>Header Files\TouchGFX\touchgfx\widgets</Filter>
    </ClInclude>
    <ClInclude Include="$(TouchGFXReleasePath)\framework\include\touchgfx\widgets\RadioButtonGroup.hpp">
      <Filter>Header Files\TouchGFX\touchgfx\widgets</Filter>
    </ClInclude>
    <ClInclude Include="$(TouchGFXReleasePath)\framework\include\touchgfx\widgets\RepeatButton.hpp">
      <Filter>Header Files\TouchGFX\touchgfx\widgets</Filter>
    </ClInclude>
    <ClInclude Include="$(TouchGFXReleasePath)\framework\include\touchgfx\widgets\ScalableImage.hpp">
      <Filter>Header Files\TouchGFX\touchgfx\widgets</Filter>
    </ClInclude>
    <ClInclude Include="$(TouchGFXReleasePath)\framework\include\touchgfx\widgets\SnapshotWidget.hpp">
      <Filter>Header Files\TouchGFX\touchgfx\widgets</Filter>
    </ClInclude>
    <ClInclude Include="$(TouchGFXReleasePath)\framework\include\touchgfx\widgets\TextArea.hpp">
      <Filter>Header Files\TouchGFX\touchgfx\widgets</Filter>
    </ClInclude>
    <ClInclude Include="$(TouchGFXReleasePath)\framework\include\touchgfx\widgets\TextAreaWithWildcard.hpp">
      <Filter>Header Files\TouchGFX\touchgfx\widgets</Filter>
    </ClInclude>
    <ClInclude Include="$(TouchGFXReleasePath)\framework\include\touchgfx\widgets\TextureMapper.hpp">
      <Filter>Header Files\TouchGFX\touchgfx\widgets</Filter>
    </ClInclude>
    <ClInclude Include="$(TouchGFXReleasePath)\framework\include\touchgfx\widgets\TiledImage.hpp">
      <Filter>Header Files\TouchGFX\touchgfx\widgets</Filter>
    </ClInclude>
    <ClInclude Include="$(TouchGFXReleasePath)\framework\include\touchgfx\widgets\ToggleButton.hpp">
      <Filter>Header Files\TouchGFX\touchgfx\widgets</Filter>
    </ClInclude>
    <ClInclude Include="$(TouchGFXReleasePath)\framework\include\touchgfx\widgets\TouchArea.hpp">
      <Filter>Header Files\TouchGFX\touchgfx\widgets</Filter>
    </ClInclude>
    <ClInclude Include="$(TouchGFXReleasePath)\framework\include\touchgfx\widgets\Widget.hpp">
      <Filter>Header Files\TouchGFX\touchgfx\widgets</Filter>
    </ClInclude>
    <ClInclude Include="$(ApplicationRoot)\generated\simulator\include\simulator\mainBase.hpp">
      <Filter>Header Files\generated\simulator</Filter>
    </ClInclude>
    <ClInclude Include="..\..\gui\include\gui\common\FrontendApplication.hpp">
      <Filter>Header Files\gui\common</Filter>
    </ClInclude>
    <ClInclude Include="..\..\generated\gui_generated\include\gui_generated\common\FrontendApplicationBase.hpp">
      <Filter>Header Files\generated\gui_generated\common</Filter>
    </ClInclude>
    <ClInclude Include="..\..\gui\include\gui\common\FrontendHeap.hpp">
      <Filter>Header Files\gui\common</Filter>
    </ClInclude>
    <ClInclude Include="..\..\generated\gui_generated\include\gui_generated\common\FrontendHeapBase.hpp">
      <Filter>Header Files\generated\gui_generated\common</Filter>
    </ClInclude>
    <ClInclude Include="..\..\gui\include\gui\model\Model.hpp">
      <Filter>Header Files\gui\model</Filter>
    </ClInclude>
    <ClInclude Include="..\..\gui\include\gui\model\ModelListener.hpp">
      <Filter>Header Files\gui\model</Filter>
    </ClInclude>
    <ClInclude Include="..\..\generated\gui_generated\include\gui_generated\common\SimConstants.hpp">
      <Filter>Header Files\generated\gui_generated\common</Filter>
    </ClInclude>
    <ClInclude Include="..\..\gui\include\gui\rgb_led_screen\RGB_LEDPresenter.hpp">
      <Filter>Header Files\gui\rgb_led_screen</Filter>
    </ClInclude>
    <ClInclude Include="..\..\gui\include\gui\rgb_led_screen\RGB_LEDView.hpp">
      <Filter>Header Files\gui\rgb_led_screen</Filter>
    </ClInclude>
    <ClInclude Include="..\..\generated\gui_generated\include\gui_generated\rgb_led_screen\RGB_LEDViewBase.hpp">
      <Filter>Header Files\generated\gui_generated\rgb_led_screen</Filter>
    </ClInclude>
    <ClInclude Include="..\..\gui\include\gui\accel_screen\ACCELPresenter.hpp">
      <Filter>Header Files\gui\accel_screen</Filter>
    </ClInclude>
    <ClInclude Include="..\..\gui\include\gui\accel_screen\ACCELView.hpp">
      <Filter>Header Files\gui\accel_screen</Filter>
    </ClInclude>
    <ClInclude Include="..\..\generated\gui_generated\include\gui_generated\accel_screen\ACCELViewBase.hpp">
      <Filter>Header Files\generated\gui_generated\accel_screen</Filter>
    </ClInclude>
    <ClInclude Include="..\..\gui\include\gui\common\AbstractGraph.hpp">
      <Filter>Header Files\gui\common</Filter>
    </ClInclude>
    <ClInclude Include="..\..\gui\include\gui\common\Graph.hpp">
      <Filter>Header Files\gui\common</Filter>
    </ClInclude>
    <ClInclude Include="..\..\gui\include\gui\common\GraphLine.hpp">
      <Filter>Header Files\gui\common</Filter>
    </ClInclude>
    <ClInclude Include="..\..\gui\include\gui\light_screen\LIGHTPresenter.hpp">
      <Filter>Header Files\gui\light_screen</Filter>
    </ClInclude>
    <ClInclude Include="..\..\gui\include\gui\light_screen\LIGHTView.hpp">
      <Filter>Header Files\gui\light_screen</Filter>
    </ClInclude>
    <ClInclude Include="..\..\generated\gui_generated\include\gui_generated\light_screen\LIGHTViewBase.hpp">
      <Filter>Header Files\generated\gui_generated\light_screen</Filter>
    </ClInclude>
    <ClInclude Include="..\..\gui\include\gui\common\BMPFileLoader.hpp">
      <Filter>Header Files\gui\common</Filter>
    </ClInclude>
    <ClInclude Include="..\..\gui\include\gui\mp3_screen\MP3Presenter.hpp">
      <Filter>Header Files\gui\mp3_screen</Filter>
    </ClInclude>
    <ClInclude Include="..\..\gui\include\gui\mp3_screen\MP3View.hpp">
      <Filter>Header Files\gui\mp3_screen</Filter>
    </ClInclude>
    <ClInclude Include="..\..\generated\gui_generated\include\gui_generated\mp3_screen\MP3ViewBase.hpp">
      <Filter>Header Files\generated\gui_generated\mp3_screen</Filter>
    </ClInclude>
    <ClInclude Include="..\..\gui\include\gui\containers\playlistItem.hpp">
      <Filter>Header Files\gui\containers</Filter>
    </ClInclude>
    <ClInclude Include="..\..\generated\gui_generated\include\gui_generated\containers\playlistItemBase.hpp">
      <Filter>Header Files\generated\gui_generated\containers</Filter>
    </ClInclude>
    <ClInclude Include="..\..\gui\include\gui\common\MyScrollableContainer.hpp">
      <Filter>Header Files\gui\common</Filter>
    </ClInclude>
    <ClInclude Include="..\..\gui\include\gui\temp_screen\TEMPPresenter.hpp">
      <Filter>Header Files\gui\temp_screen</Filter>
    </ClInclude>
    <ClInclude Include="..\..\gui\include\gui\temp_screen\TEMPView.hpp">
      <Filter>Header Files\gui\temp_screen</Filter>
    </ClInclude>
    <ClInclude Include="..\..\generated\gui_generated\include\gui_generated\temp_screen\TEMPViewBase.hpp">
      <Filter>Header Files\generated\gui_generated\temp_screen</Filter>
    </ClInclude>
    <ClInclude Include="..\..\gui\include\gui\pwr_screen\PWRPresenter.hpp">
      <Filter>Header Files\gui\pwr_screen</Filter>
    </ClInclude>
    <ClInclude Include="..\..\gui\include\gui\pwr_screen\PWRView.hpp">
      <Filter>Header Files\gui\pwr_screen</Filter>
    </ClInclude>
    <ClInclude Include="..\..\generated\gui_generated\include\gui_generated\pwr_screen\PWRViewBase.hpp">
      <Filter>Header Files\generated\gui_generated\pwr_screen</Filter>
    </ClInclude>
    <ClInclude Include="..\..\gui\include\gui\time_screen\TIMEPresenter.hpp">
      <Filter>Header Files\gui\time_screen</Filter>
    </ClInclude>
    <ClInclude Include="..\..\gui\include\gui\time_screen\TIMEView.hpp">
      <Filter>Header Files\gui\time_screen</Filter>
    </ClInclude>
    <ClInclude Include="..\..\generated\gui_generated\include\gui_generated\time_screen\TIMEViewBase.hpp">
      <Filter>Header Files\generated\gui_generated\time_screen</Filter>
    </ClInclude>
    <ClInclude Include="..\..\gui\include\gui\containers\wheelElement.hpp">
      <Filter>Header Files\gui\containers</Filter>
    </ClInclude>
    <ClInclude Include="..\..\generated\gui_generated\include\gui_generated\containers\wheelElementBase.hpp">
      <Filter>Header Files\generated\gui_generated\containers</Filter>
    </ClInclude>
    <ClInclude Include="..\..\gui\include\gui\containers\wheelElementSet.hpp">
      <Filter>Header Files\gui\containers</Filter>
    </ClInclude>
    <ClInclude Include="..\..\generated\gui_generated\include\gui_generated\containers\wheelElementSetBase.hpp">
      <Filter>Header Files\generated\gui_generated\containers</Filter>
    </ClInclude>
    <ClInclude Include="..\..\gui\include\gui\containers\wheelElement1.hpp">
      <Filter>Header Files\gui\containers</Filter>
    </ClInclude>
    <ClInclude Include="..\..\generated\gui_generated\include\gui_generated\containers\wheelElement1Base.hpp">
      <Filter>Header Files\generated\gui_generated\containers</Filter>
    </ClInclude>
    <ClInclude Include="..\..\gui\include\gui\containers\wheelElementSet1.hpp">
      <Filter>Header Files\gui\containers</Filter>
    </ClInclude>
    <ClInclude Include="..\..\generated\gui_generated\include\gui_generated\containers\wheelElementSet1Base.hpp">
      <Filter>Header Files\generated\gui_generated\containers</Filter>
    </ClInclude>
    <ClInclude Include="..\..\gui\include\gui\buzzer_screen\BUZZERPresenter.hpp">
      <Filter>Header Files\gui\buzzer_screen</Filter>
    </ClInclude>
    <ClInclude Include="..\..\gui\include\gui\buzzer_screen\BUZZERView.hpp">
      <Filter>Header Files\gui\buzzer_screen</Filter>
    </ClInclude>
    <ClInclude Include="..\..\generated\gui_generated\include\gui_generated\buzzer_screen\BUZZERViewBase.hpp">
      <Filter>Header Files\generated\gui_generated\buzzer_screen</Filter>
    </ClInclude>
    <ClInclude Include="..\..\gui\include\gui\main_menu_screen\MAIN_MENUPresenter.hpp">
      <Filter>Header Files\gui\main_menu_screen</Filter>
    </ClInclude>
    <ClInclude Include="..\..\gui\include\gui\main_menu_screen\MAIN_MENUView.hpp">
      <Filter>Header Files\gui\main_menu_screen</Filter>
    </ClInclude>
    <ClInclude Include="..\..\generated\gui_generated\include\gui_generated\main_menu_screen\MAIN_MENUViewBase.hpp">
      <Filter>Header Files\generated\gui_generated\main_menu_screen</Filter>
    </ClInclude>
    <ClInclude Include="..\..\gui\include\gui\gallery_screen\GALLERYPresenter.hpp">
      <Filter>Header Files\gui\gallery_screen</Filter>
    </ClInclude>
    <ClInclude Include="..\..\generated\gui_generated\include\gui_generated\gallery_screen\GALLERYViewBase.hpp">
      <Filter>Header Files\generated\gui_generated\gallery_screen</Filter>
    </ClInclude>
    <ClInclude Include="..\..\gui\include\gui\gallery_screen\GALLERYView.hpp">
      <Filter>Header Files\gui\gallery_screen</Filter>
    </ClInclude>
    <ClInclude Include="..\..\gui\include\gui\flash_screen\FLASHPresenter.hpp">
      <Filter>Header Files\gui\flash_screen</Filter>
    </ClInclude>
    <ClInclude Include="..\..\gui\include\gui\flash_screen\FLASHView.hpp">
      <Filter>Header Files\gui\flash_screen</Filter>
    </ClInclude>
    <ClInclude Include="..\..\generated\gui_generated\include\gui_generated\flash_screen\FLASHViewBase.hpp">
      <Filter>Header Files\generated\gui_generated\flash_screen</Filter>
    </ClInclude>
    <ClInclude Include="..\..\gui\include\gui\nrf_screen\NRFPresenter.hpp">
      <Filter>Header Files\gui\nrf_screen</Filter>
    </ClInclude>
    <ClInclude Include="..\..\gui\include\gui\nrf_screen\NRFView.hpp">
      <Filter>Header Files\gui\nrf_screen</Filter>
    </ClInclude>
    <ClInclude Include="..\..\generated\gui_generated\include\gui_generated\nrf_screen\NRFViewBase.hpp">
      <Filter>Header Files\generated\gui_generated\nrf_screen</Filter>
    </ClInclude>
    <ClInclude Include="..\..\gui\include\gui\containers\btnKeySmall.hpp">
      <Filter>Header Files\gui\containers</Filter>
    </ClInclude>
    <ClInclude Include="..\..\generated\gui_generated\include\gui_generated\containers\btnKeySmallBase.hpp">
      <Filter>Header Files\generated\gui_generated\containers</Filter>
    </ClInclude>
    <ClInclude Include="..\..\gui\include\gui\weather_screen\WEATHERPresenter.hpp">
      <Filter>Header Files\gui\weather_screen</Filter>
    </ClInclude>
    <ClInclude Include="..\..\gui\include\gui\weather_screen\WEATHERView.hpp">
      <Filter>Header Files\gui\weather_screen</Filter>
    </ClInclude>
    <ClInclude Include="..\..\generated\gui_generated\include\gui_generated\weather_screen\WEATHERViewBase.hpp">
      <Filter>Header Files\generated\gui_generated\weather_screen</Filter>
    </ClInclude>
  </ItemGroup>
  <ItemGroup>
    <ResourceCompile Include="$(ApplicationRoot)\generated\simulator\touchgfx.rc">
      <Filter>Resource Files</Filter>
    </ResourceCompile>
  </ItemGroup>
</Project>
